
Microsoft Visual Studio Solution File, Format Version 12.00
# Visual Studio 14
VisualStudioVersion = 14.0.23107.0
MinimumVisualStudioVersion = 10.0.40219.1
Project("{FAE04EC0-301F-11D3-BF4B-00C04F79EFBC}") = "CMSC141_MP2", "CMSC141_MP2\CMSC141_MP2.csproj", "{FAFD6AAF-E20C-4EF6-98C0-6A3186D32564}"
EndProject
Global
	GlobalSection(SolutionConfigurationPlatforms) = preSolution
		Debug|Any CPU = Debug|Any CPU
		Release|Any CPU = Release|Any CPU
	EndGlobalSection
	GlobalSection(ProjectConfigurationPlatforms) = postSolution
		{FAFD6AAF-E20C-4EF6-98C0-6A3186D32564}.Debug|Any CPU.ActiveCfg = Debug|Any CPU
		{FAFD6AAF-E20C-4EF6-98C0-6A3186D32564}.Debug|Any CPU.Build.0 = Debug|Any CPU
		{FAFD6AAF-E20C-4EF6-98C0-6A3186D32564}.Release|Any CPU.ActiveCfg = Release|Any CPU
		{FAFD6AAF-E20C-4EF6-98C0-6A3186D32564}.Release|Any CPU.Build.0 = Release|Any CPU
	EndGlobalSection
	GlobalSection(SolutionProperties) = preSolution
		HideSolutionNode = FALSE
	EndGlobalSection
EndGlobal
